# THIS IS AN AUTOGENERATED FILE. DO NOT EDIT THIS FILE DIRECTLY.
# yarn lockfile v1


"@testable-ts/v2.5@../result/testable-ts-v2.5-2.5.3-alpha.0.tgz":
  version "2.5.3-alpha.0"
  resolved "../result/testable-ts-v2.5-2.5.3-alpha.0.tgz#d534174bfd0bca77a73c2ec77dc97cd604e97dc9"

"@testable-ts/v2.6@../result/testable-ts-v2.6-2.6.2-alpha.0.tgz":
  version "2.6.2-alpha.0"
  resolved "../result/testable-ts-v2.6-2.6.2-alpha.0.tgz#0cccc6dc6a7661cdfe0ca312a9858c080df1dd07"

"@testable-ts/v2.7@../result/testable-ts-v2.7-2.7.2-alpha.0.tgz":
  version "2.7.2-alpha.0"
  resolved "../result/testable-ts-v2.7-2.7.2-alpha.0.tgz#53f993eac1773510ac75ef1710d4c0fd607c609d"

"@testable-ts/v2.8@../result/testable-ts-v2.8-2.8.4-alpha.0.tgz":
  version "2.8.4-alpha.0"
  resolved "../result/testable-ts-v2.8-2.8.4-alpha.0.tgz#b066075625c484a8a29cb3b11c7e0b4e5ab5ab96"

"@testable-ts/v2.9@../result/testable-ts-v2.9-2.9.2-alpha.0.tgz":
  version "2.9.2-alpha.0"
  resolved "../result/testable-ts-v2.9-2.9.2-alpha.0.tgz#6b10d8ace0f53d909ed3ebd51ea91a95ef400ac4"

"@testable-ts/v3.0@../result/testable-ts-v3.0-3.0.3-alpha.0.tgz":
  version "3.0.3-alpha.0"
  resolved "../result/testable-ts-v3.0-3.0.3-alpha.0.tgz#d7f41004de5d66ecdb2837fdde4031a8b64e0cee"

"@testable-ts/v3.1@../result/testable-ts-v3.1-3.1.6-alpha.0.tgz":
  version "3.1.6-alpha.0"
  resolved "../result/testable-ts-v3.1-3.1.6-alpha.0.tgz#0f42878fa057c8132f4410be702a0e4a6da682b0"

"@testable-ts/v3.2@../result/testable-ts-v3.2-3.2.4-alpha.0.tgz":
  version "3.2.4-alpha.0"
  resolved "../result/testable-ts-v3.2-3.2.4-alpha.0.tgz#46c38c6dc71b079aa3bacb46af659d3ffb76043e"

"@testable-ts/v3.3@../result/testable-ts-v3.3-3.3.4000-alpha.0.tgz":
  version "3.3.4000-alpha.0"
  resolved "../result/testable-ts-v3.3-3.3.4000-alpha.0.tgz#0b07251b87f58ab32dff54cdfd83f9bffae06589"

"@testable-ts/v3.4@../result/testable-ts-v3.4-3.4.5-alpha.0.tgz":
  version "3.4.5-alpha.0"
  resolved "../result/testable-ts-v3.4-3.4.5-alpha.0.tgz#c6b8978dd427929d399e2a45909c01ad5ac0d669"

"@testable-ts/v3.5@../result/testable-ts-v3.5-3.5.3-alpha.0.tgz":
  version "3.5.3-alpha.0"
  resolved "../result/testable-ts-v3.5-3.5.3-alpha.0.tgz#15fb2fd429957b21daa062bea9da249f4e9ef810"

"@testable-ts/v3.6@../result/testable-ts-v3.6-3.6.4-alpha.0.tgz":
  version "3.6.4-alpha.0"
  resolved "../result/testable-ts-v3.6-3.6.4-alpha.0.tgz#c1d99fb2537a883d66fda538bb23d09866760e73"

"@testable-ts/v3.7@../result/testable-ts-v3.7-3.7.4-alpha.0.tgz":
  version "3.7.4-alpha.0"
  resolved "../result/testable-ts-v3.7-3.7.4-alpha.0.tgz#a6eba49e0692737a5925f3f5f998277b3ffb182a"

"@testable-ts/v3.8@../result/testable-ts-v3.8-3.8.3.tgz":
  version "3.8.3"
  resolved "../result/testable-ts-v3.8-3.8.3.tgz#7823b01d03715fb55c10f56f908f824606af351d"

"@testable-ts/v3.9@../result/testable-ts-v3.9-3.9.5.tgz":
  version "3.9.5"
  resolved "../result/testable-ts-v3.9-3.9.5.tgz#82afefaf6274d6525d0d0c0747a6bbec50c78dcf"

"@testable-ts/v4.0.0-beta@../result/testable-ts-v4.0.0-beta-4.0.0-beta-experimental-0.tgz":
  version "4.0.0-beta-experimental-0"
  resolved "../result/testable-ts-v4.0.0-beta-4.0.0-beta-experimental-0.tgz#f990b19bd31f7f4500c1cbb7c76a74844e0725ed"
